<?xml version="1.0" encoding="utf-8"?>
<Project ToolsVersion="4.0" xmlns="http://schemas.microsoft.com/developer/msbuild/2003">
  <ItemGroup>
    <Filter Include="Source Files">
      <UniqueIdentifier>{4FC737F1-C7A5-4376-A066-2A32D752A2FF}</UniqueIdentifier>
      <Extensions>cpp;c;cc;cxx;c++;cppm;ixx;def;odl;idl;hpj;bat;asm;asmx</Extensions>
    </Filter>
    <Filter Include="Header Files">
      <UniqueIdentifier>{93995380-89BD-4b04-88EB-625FBE52EBFB}</UniqueIdentifier>
      <Extensions>h;hh;hpp;hxx;h++;hm;inl;inc;ipp;xsd</Extensions>
    </Filter>
    <Filter Include="Resource Files">
      <UniqueIdentifier>{67DA6AB6-F800-4c08-8B7A-83BB121AAD01}</UniqueIdentifier>
      <Extensions>rc;ico;cur;bmp;dlg;rc2;rct;bin;rgs;gif;jpg;jpeg;jpe;resx;tiff;tif;png;wav;mfcribbon-ms</Extensions>
    </Filter>
    <Filter Include="Source Files\_DO_NOT_CHANGE">
      <UniqueIdentifier>{5318354b-450d-498e-b6fa-452a2ed50c0e}</UniqueIdentifier>
    </Filter>
    <Filter Include="Header Files\_DO_NOT_CHANGE">
      <UniqueIdentifier>{bfdacf64-9fd4-404c-8e5a-e40efc19260c}</UniqueIdentifier>
    </Filter>
    <Filter Include="Header Files\Lab Files">
      <UniqueIdentifier>{49dae052-7365-4211-b0bd-3cf8bf7bc734}</UniqueIdentifier>
    </Filter>
    <Filter Include="Header Files\_DO_NOT_CHANGE\TestSuites">
      <UniqueIdentifier>{e0ef5256-4879-495d-9fc3-34d3093cd4af}</UniqueIdentifier>
    </Filter>
    <Filter Include="Source Files\_DO_NOT_CHANGE\TestSuites">
      <UniqueIdentifier>{3f5465c7-736e-4087-a064-707a83787591}</UniqueIdentifier>
    </Filter>
  </ItemGroup>
  <ItemGroup>
    <ClCompile Include="DSA_Main.cpp">
      <Filter>Source Files\_DO_NOT_CHANGE</Filter>
    </ClCompile>
    <ClCompile Include="Console.cpp">
      <Filter>Source Files\_DO_NOT_CHANGE</Filter>
    </ClCompile>
    <ClCompile Include="DSA_Memory_Management.cpp">
      <Filter>Source Files\_DO_NOT_CHANGE</Filter>
    </ClCompile>
    <ClCompile Include="DSA_TestSuite_GlobalFunctions.cpp">
      <Filter>Source Files\_DO_NOT_CHANGE</Filter>
    </ClCompile>
    <ClCompile Include="DSA_TestSuite_Lab1.cpp">
      <Filter>Source Files\_DO_NOT_CHANGE\TestSuites</Filter>
    </ClCompile>
    <ClCompile Include="DSA_TestSuite_Lab2.cpp">
      <Filter>Source Files\_DO_NOT_CHANGE\TestSuites</Filter>
    </ClCompile>
    <ClCompile Include="DSA_TestSuite_Lab3.cpp">
      <Filter>Source Files\_DO_NOT_CHANGE\TestSuites</Filter>
    </ClCompile>
    <ClCompile Include="DSA_TestSuite_Lab4.cpp">
      <Filter>Source Files\_DO_NOT_CHANGE\TestSuites</Filter>
    </ClCompile>
    <ClCompile Include="DSA_TestSuite_Lab5.cpp">
      <Filter>Source Files\_DO_NOT_CHANGE\TestSuites</Filter>
    </ClCompile>
    <ClCompile Include="DSA_TestSuite_Lab6.cpp">
      <Filter>Source Files\_DO_NOT_CHANGE\TestSuites</Filter>
    </ClCompile>
    <ClCompile Include="DSA_TestSuite_Lab8.cpp">
      <Filter>Source Files\_DO_NOT_CHANGE\TestSuites</Filter>
    </ClCompile>
    <ClCompile Include="DSA_TestSuite_Lab7.cpp">
      <Filter>Source Files\_DO_NOT_CHANGE\TestSuites</Filter>
    </ClCompile>
    <ClCompile Include="BitStream.cpp">
      <Filter>Source Files\_DO_NOT_CHANGE</Filter>
    </ClCompile>
  </ItemGroup>
  <ItemGroup>
    <ClInclude Include="Console.h">
      <Filter>Header Files\_DO_NOT_CHANGE</Filter>
    </ClInclude>
    <ClInclude Include="DSA_Memory_Management.h">
      <Filter>Header Files\_DO_NOT_CHANGE</Filter>
    </ClInclude>
    <ClInclude Include="DSA_TestSuite_GlobalFunctions.h">
      <Filter>Header Files\_DO_NOT_CHANGE</Filter>
    </ClInclude>
    <ClInclude Include="DynArray.h">
      <Filter>Header Files\Lab Files</Filter>
    </ClInclude>
    <ClInclude Include="DSA_TestSuite_Lab1.h">
      <Filter>Header Files\_DO_NOT_CHANGE\TestSuites</Filter>
    </ClInclude>
    <ClInclude Include="DSA_Lab2.h">
      <Filter>Header Files\Lab Files</Filter>
    </ClInclude>
    <ClInclude Include="DSA_TestSuite_Lab2.h">
      <Filter>Header Files\_DO_NOT_CHANGE\TestSuites</Filter>
    </ClInclude>
    <ClInclude Include="DSA_TestSuite_Lab3.h">
      <Filter>Header Files\_DO_NOT_CHANGE\TestSuites</Filter>
    </ClInclude>
    <ClInclude Include="DList.h">
      <Filter>Header Files\Lab Files</Filter>
    </ClInclude>
    <ClInclude Include="DSA_Lab4.h">
      <Filter>Header Files\Lab Files</Filter>
    </ClInclude>
    <ClInclude Include="DSA_TestSuite_Lab4.h">
      <Filter>Header Files\_DO_NOT_CHANGE\TestSuites</Filter>
    </ClInclude>
    <ClInclude Include="DSA_TestSuite_Lab5.h">
      <Filter>Header Files\_DO_NOT_CHANGE\TestSuites</Filter>
    </ClInclude>
    <ClInclude Include="Dictionary.h">
      <Filter>Header Files\Lab Files</Filter>
    </ClInclude>
    <ClInclude Include="DSA_TestSuite_Lab6.h">
      <Filter>Header Files\_DO_NOT_CHANGE\TestSuites</Filter>
    </ClInclude>
    <ClInclude Include="DSA_Lab6.h">
      <Filter>Header Files\Lab Files</Filter>
    </ClInclude>
    <ClInclude Include="DSA_TestSuite_Lab8.h">
      <Filter>Header Files\_DO_NOT_CHANGE\TestSuites</Filter>
    </ClInclude>
    <ClInclude Include="DSA_TestSuite_Lab7.h">
      <Filter>Header Files\_DO_NOT_CHANGE\TestSuites</Filter>
    </ClInclude>
    <ClInclude Include="BitStream.h">
      <Filter>Header Files\_DO_NOT_CHANGE</Filter>
    </ClInclude>
    <ClInclude Include="BST.h">
      <Filter>Header Files\Lab Files</Filter>
    </ClInclude>
    <ClInclude Include="Huffman.h">
      <Filter>Header Files\Lab Files</Filter>
    </ClInclude>
  </ItemGroup>
</Project>